
Microsoft Visual Studio Solution File, Format Version 12.00
# Visual Studio 15
VisualStudioVersion = 15.0.28010.2036
MinimumVisualStudioVersion = 10.0.40219.1
Project("{FAE04EC0-301F-11D3-BF4B-00C04F79EFBC}") = "ParseAggregateLogFast", "ParseAggregateLogFast\ParseAggregateLogFast.csproj", "{5E1D0EDA-11BC-4B55-BE5E-E0F760D3E66C}"
EndProject
Global
	GlobalSection(SolutionConfigurationPlatforms) = preSolution
		Debug|Any CPU = Debug|Any CPU
		Release|Any CPU = Release|Any CPU
	EndGlobalSection
	GlobalSection(ProjectConfigurationPlatforms) = postSolution
		{5E1D0EDA-11BC-4B55-BE5E-E0F760D3E66C}.Debug|Any CPU.ActiveCfg = Debug|Any CPU
		{5E1D0EDA-11BC-4B55-BE5E-E0F760D3E66C}.Debug|Any CPU.Build.0 = Debug|Any CPU
		{5E1D0EDA-11BC-4B55-BE5E-E0F760D3E66C}.Release|Any CPU.ActiveCfg = Release|Any CPU
		{5E1D0EDA-11BC-4B55-BE5E-E0F760D3E66C}.Release|Any CPU.Build.0 = Release|Any CPU
	EndGlobalSection
	GlobalSection(SolutionProperties) = preSolution
		HideSolutionNode = FALSE
	EndGlobalSection
	GlobalSection(ExtensibilityGlobals) = postSolution
		SolutionGuid = {ACF94F67-C2A0-4067-B1D5-26C84A53C05E}
	EndGlobalSection
EndGlobal
